PODS:
  - Alamofire (4.0.1)
  - ApiAI (0.7.0):
    - ApiAI/AudioFileConverter (= 0.7.0)
    - ApiAI/Core (= 0.7.0)
    - ApiAI/Events (= 0.7.0)
    - ApiAI/ResponseMapping (= 0.7.0)
    - ApiAI/UIKit (= 0.7.0)
    - ApiAI/UserEntities (= 0.7.0)
    - ApiAI/VoiceFileRequest (= 0.7.0)
    - ApiAI/VoiceRequest (= 0.7.0)
  - ApiAI/AudioFileConverter (0.7.0):
    - ApiAI/Core
  - ApiAI/Core (0.7.0)
  - ApiAI/Events (0.7.0):
    - ApiAI/Core
  - ApiAI/ResponseMapping (0.7.0):
    - ApiAI/Core
  - ApiAI/UIKit (0.7.0):
    - ApiAI/Core
    - ApiAI/VoiceRequest
  - ApiAI/UserEntities (0.7.0):
    - ApiAI/Core
  - ApiAI/VoiceFileRequest (0.7.0):
    - ApiAI/Core
  - ApiAI/VoiceRequest (0.7.0):
    - ApiAI/Core
  - Atlas (1.1.0):
    - LayerKit (>= 0.26.2)
  - ClusterPrePermissions (0.8.1)
  - CocoaAsyncSocket (7.4.3):
    - CocoaAsyncSocket/All (= 7.4.3)
  - CocoaAsyncSocket/All (7.4.3):
    - CocoaAsyncSocket/GCD
    - CocoaAsyncSocket/RunLoop
  - CocoaAsyncSocket/GCD (7.4.3)
  - CocoaAsyncSocket/RunLoop (7.4.3)
  - Expecta (1.0.5)
  - Gloss (1.0.0)
  - KIF (3.5.2):
    - KIF/Core (= 3.5.2)
  - KIF/Core (3.5.2)
  - KIFViewControllerActions (1.0.2):
    - KIF (>= 2.0.0)
  - LayerKit (0.26.3)
  - LayerKitDiagnostics (1.0.0):
    - LayerKit (>= 0.22.0)
  - Log (1.0)
  - LYRCountDownLatch (0.9.0)
  - OCMock (3.4)
  - SVProgressHUD (2.1.2)
  - SwiftKeychainWrapper (3.0.1)
  - SwiftyHue (0.2.4):
    - SwiftyHue/Base (= 0.2.4)
    - SwiftyHue/BridgeServices (= 0.2.4)
  - SwiftyHue/Base (0.2.4):
    - Alamofire (~> 4.0.1)
    - Gloss (~> 1.0.0)
    - Log (~> 1.0)
  - SwiftyHue/BridgeServices (0.2.4):
    - Alamofire (~> 4.0.1)
    - CocoaAsyncSocket (~> 7.4.3)
    - Gloss (~> 1.0.0)
    - Log (~> 1.0)
  - SwiftyJSON (3.1.4)
  - VoxeetSDK (1.0.4)

DEPENDENCIES:
  - Alamofire (~> 4.0.1)
  - ApiAI
  - Atlas (from `./Libraries/Atlas`)
  - ClusterPrePermissions (~> 0.1)
  - Expecta
  - KIF
  - KIFViewControllerActions
  - LayerKit
  - LayerKitDiagnostics
  - LYRCountDownLatch
  - OCMock
  - SVProgressHUD
  - SwiftKeychainWrapper
  - SwiftyHue (from `https://github.com/Spriter/SwiftyHue.git`, branch `swift3`)
  - SwiftyJSON
  - VoxeetSDK (~> 1.0)

EXTERNAL SOURCES:
  Atlas:
    :path: "./Libraries/Atlas"
  SwiftyHue:
    :branch: swift3
    :git: https://github.com/Spriter/SwiftyHue.git

CHECKOUT OPTIONS:
  SwiftyHue:
    :commit: 7bdf6c6ae65402192cb9567df390981764651b70
    :git: https://github.com/Spriter/SwiftyHue.git

SPEC CHECKSUMS:
  Alamofire: 7682d43245de14874acd142ec137b144aa1dd335
  ApiAI: 25f763ddd88139dc5fe6794a905300244190d168
  Atlas: 15932c6132b724d46d65868edc9ab2489416c24e
  ClusterPrePermissions: 168c127a658e423062550dd9c56fe26042a58bce
  CocoaAsyncSocket: a18c75dca4b08723628a0bacca6e94803d90be91
  Expecta: e1c022fcd33910b6be89c291d2775b3fe27a89fe
  Gloss: 014789e9e69ca18f127eacca999f4c9b0bff6d58
  KIF: f2a6025bb3f11692df675054a134d43a9ec2d7db
  KIFViewControllerActions: 923795dc4bd4ca5657841ce7455ce67447693861
  LayerKit: 6244ff6b99a6e47562bb550247448ffbf7d15f88
  LayerKitDiagnostics: cb0c1ac160ef4028b7d12f969bb46e1affe8a7f1
  Log: 5e368c9528db07517d18d2d04ff5fe2b6f5a1e21
  LYRCountDownLatch: 72a444f729ca5a8c6157c0b58f335a44e6702b48
  OCMock: 35ae71d6a8fcc1b59434d561d1520b9dd4f15765
  SVProgressHUD: c404a55d78acbeb7ebb78b76d3faf986475a6994
  SwiftKeychainWrapper: 38952a3636320ae61bad3513cadd870929de7a4a
  SwiftyHue: 67f7106d65ac970205345d0bd018300fc0575834
  SwiftyJSON: c2842d878f95482ffceec5709abc3d05680c0220
  VoxeetSDK: 9545fb44220d96b1759a2ef2728634500a99cc47

PODFILE CHECKSUM: 0bd55e9d2ee1a8506256d56e3a9d41d0b57c2a12

COCOAPODS: 1.1.1
